// !$*UTF8*$!
{
	archiveVersion = 1;
	classes = {
	};
	objectVersion = 46;
	objects = {

/* Begin PBXBuildFile section */
		D9A171171DCEFE440010B4AF /* AppDelegate.swift in Sources */ = {isa = PBXBuildFile; fileRef = D9A171161DCEFE440010B4AF /* AppDelegate.swift */; };
		D9A171191DCEFE440010B4AF /* ViewController.swift in Sources */ = {isa = PBXBuildFile; fileRef = D9A171181DCEFE440010B4AF /* ViewController.swift */; };
		D9A1711C1DCEFE440010B4AF /* Main.storyboard in Resources */ = {isa = PBXBuildFile; fileRef = D9A1711A1DCEFE440010B4AF /* Main.storyboard */; };
		D9A1711E1DCEFE440010B4AF /* Assets.xcassets in Resources */ = {isa = PBXBuildFile; fileRef = D9A1711D1DCEFE440010B4AF /* Assets.xcassets */; };
		D9A171211DCEFE440010B4AF /* LaunchScreen.storyboard in Resources */ = {isa = PBXBuildFile; fileRef = D9A1711F1DCEFE440010B4AF /* LaunchScreen.storyboard */; };
		D9A171291DCF07670010B4AF /* TabBarViewController.swift in Sources */ = {isa = PBXBuildFile; fileRef = D9A171281DCF07670010B4AF /* TabBarViewController.swift */; };
		D9A1712B1DCF24770010B4AF /* HomeViewController.swift in Sources */ = {isa = PBXBuildFile; fileRef = D9A1712A1DCF24770010B4AF /* HomeViewController.swift */; };
		D9A1712D1DCF24D30010B4AF /* searchViewController.swift in Sources */ = {isa = PBXBuildFile; fileRef = D9A1712C1DCF24D30010B4AF /* searchViewController.swift */; };
		D9A171301DCF276A0010B4AF /* composeViewController.swift in Sources */ = {isa = PBXBuildFile; fileRef = D9A1712F1DCF276A0010B4AF /* composeViewController.swift */; };
		D9A171321DCF27DB0010B4AF /* accountViewController.swift in Sources */ = {isa = PBXBuildFile; fileRef = D9A171311DCF27DB0010B4AF /* accountViewController.swift */; };
		D9A171341DCF28460010B4AF /* trendingViewController.swift in Sources */ = {isa = PBXBuildFile; fileRef = D9A171331DCF28460010B4AF /* trendingViewController.swift */; };
		D9A171371DCFFDC30010B4AF /* BaseTransition.swift in Sources */ = {isa = PBXBuildFile; fileRef = D9A171351DCFFDC30010B4AF /* BaseTransition.swift */; };
		D9A171381DCFFDC30010B4AF /* FadeTransition.swift in Sources */ = {isa = PBXBuildFile; fileRef = D9A171361DCFFDC30010B4AF /* FadeTransition.swift */; };
/* End PBXBuildFile section */

/* Begin PBXFileReference section */
		D9A171131DCEFE440010B4AF /* TumblrDemo.app */ = {isa = PBXFileReference; explicitFileType = wrapper.application; includeInIndex = 0; path = TumblrDemo.app; sourceTree = BUILT_PRODUCTS_DIR; };
		D9A171161DCEFE440010B4AF /* AppDelegate.swift */ = {isa = PBXFileReference; lastKnownFileType = sourcecode.swift; path = AppDelegate.swift; sourceTree = "<group>"; };
		D9A171181DCEFE440010B4AF /* ViewController.swift */ = {isa = PBXFileReference; lastKnownFileType = sourcecode.swift; path = ViewController.swift; sourceTree = "<group>"; };
		D9A1711B1DCEFE440010B4AF /* Base */ = {isa = PBXFileReference; lastKnownFileType = file.storyboard; name = Base; path = Base.lproj/Main.storyboard; sourceTree = "<group>"; };
		D9A1711D1DCEFE440010B4AF /* Assets.xcassets */ = {isa = PBXFileReference; lastKnownFileType = folder.assetcatalog; path = Assets.xcassets; sourceTree = "<group>"; };
		D9A171201DCEFE440010B4AF /* Base */ = {isa = PBXFileReference; lastKnownFileType = file.storyboard; name = Base; path = Base.lproj/LaunchScreen.storyboard; sourceTree = "<group>"; };
		D9A171221DCEFE440010B4AF /* Info.plist */ = {isa = PBXFileReference; lastKnownFileType = text.plist.xml; path = Info.plist; sourceTree = "<group>"; };
		D9A171281DCF07670010B4AF /* TabBarViewController.swift */ = {isa = PBXFileReference; fileEncoding = 4; lastKnownFileType = sourcecode.swift; path = TabBarViewController.swift; sourceTree = "<group>"; };
		D9A1712A1DCF24770010B4AF /* HomeViewController.swift */ = {isa = PBXFileReference; fileEncoding = 4; lastKnownFileType = sourcecode.swift; path = HomeViewController.swift; sourceTree = "<group>"; };
		D9A1712C1DCF24D30010B4AF /* searchViewController.swift */ = {isa = PBXFileReference; fileEncoding = 4; lastKnownFileType = sourcecode.swift; path = searchViewController.swift; sourceTree = "<group>"; };
		D9A1712F1DCF276A0010B4AF /* composeViewController.swift */ = {isa = PBXFileReference; fileEncoding = 4; lastKnownFileType = sourcecode.swift; path = composeViewController.swift; sourceTree = "<group>"; };
		D9A171311DCF27DB0010B4AF /* accountViewController.swift */ = {isa = PBXFileReference; fileEncoding = 4; lastKnownFileType = sourcecode.swift; path = accountViewController.swift; sourceTree = "<group>"; };
		D9A171331DCF28460010B4AF /* trendingViewController.swift */ = {isa = PBXFileReference; fileEncoding = 4; lastKnownFileType = sourcecode.swift; path = trendingViewController.swift; sourceTree = "<group>"; };
		D9A171351DCFFDC30010B4AF /* BaseTransition.swift */ = {isa = PBXFileReference; fileEncoding = 4; lastKnownFileType = sourcecode.swift; path = BaseTransition.swift; sourceTree = "<group>"; };
		D9A171361DCFFDC30010B4AF /* FadeTransition.swift */ = {isa = PBXFileReference; fileEncoding = 4; lastKnownFileType = sourcecode.swift; path = FadeTransition.swift; sourceTree = "<group>"; };
/* End PBXFileReference section */

/* Begin PBXFrameworksBuildPhase section */
		D9A171101DCEFE440010B4AF /* Frameworks */ = {
			isa = PBXFrameworksBuildPhase;
			buildActionMask = 2147483647;
			files = (
			);
			runOnlyForDeploymentPostprocessing = 0;
		};
/* End PBXFrameworksBuildPhase section */

/* Begin PBXGroup section */
		D9A1710A1DCEFE440010B4AF = {
			isa = PBXGroup;
			children = (
				D9A171151DCEFE440010B4AF /* TumblrDemo */,
				D9A171141DCEFE440010B4AF /* Products */,
			);
			sourceTree = "<group>";
		};
		D9A171141DCEFE440010B4AF /* Products */ = {
			isa = PBXGroup;
			children = (
				D9A171131DCEFE440010B4AF /* TumblrDemo.app */,
			);
			name = Products;
			sourceTree = "<group>";
		};
		D9A171151DCEFE440010B4AF /* TumblrDemo */ = {
			isa = PBXGroup;
			children = (
				D9A171161DCEFE440010B4AF /* AppDelegate.swift */,
				D9A1711A1DCEFE440010B4AF /* Main.storyboard */,
				D9A1712E1DCF27210010B4AF /* View Controllers */,
				D9A1711D1DCEFE440010B4AF /* Assets.xcassets */,
				D9A171351DCFFDC30010B4AF /* BaseTransition.swift */,
				D9A171361DCFFDC30010B4AF /* FadeTransition.swift */,
				D9A1711F1DCEFE440010B4AF /* LaunchScreen.storyboard */,
				D9A171221DCEFE440010B4AF /* Info.plist */,
			);
			path = TumblrDemo;
			sourceTree = "<group>";
		};
		D9A1712E1DCF27210010B4AF /* View Controllers */ = {
			isa = PBXGroup;
			children = (
				D9A171181DCEFE440010B4AF /* ViewController.swift */,
				D9A171281DCF07670010B4AF /* TabBarViewController.swift */,
				D9A1712A1DCF24770010B4AF /* HomeViewController.swift */,
				D9A1712C1DCF24D30010B4AF /* searchViewController.swift */,
				D9A171311DCF27DB0010B4AF /* accountViewController.swift */,
				D9A171331DCF28460010B4AF /* trendingViewController.swift */,
				D9A1712F1DCF276A0010B4AF /* composeViewController.swift */,
			);
			name = "View Controllers";
			sourceTree = "<group>";
		};
/* End PBXGroup section */

/* Begin PBXNativeTarget section */
		D9A171121DCEFE440010B4AF /* TumblrDemo */ = {
			isa = PBXNativeTarget;
			buildConfigurationList = D9A171251DCEFE440010B4AF /* Build configuration list for PBXNativeTarget "TumblrDemo" */;
			buildPhases = (
				D9A1710F1DCEFE440010B4AF /* Sources */,
				D9A171101DCEFE440010B4AF /* Frameworks */,
				D9A171111DCEFE440010B4AF /* Resources */,
			);
			buildRules = (
			);
			dependencies = (
			);
			name = TumblrDemo;
			productName = TumblrDemo;
			productReference = D9A171131DCEFE440010B4AF /* TumblrDemo.app */;
			productType = "com.apple.product-type.application";
		};
/* End PBXNativeTarget section */

/* Begin PBXProject section */
		D9A1710B1DCEFE440010B4AF /* Project object */ = {
			isa = PBXProject;
			attributes = {
				LastSwiftUpdateCheck = 0800;
				LastUpgradeCheck = 0800;
				ORGANIZATIONNAME = "Amy Wu";
				TargetAttributes = {
					D9A171121DCEFE440010B4AF = {
						CreatedOnToolsVersion = 8.0;
						ProvisioningStyle = Automatic;
					};
				};
			};
			buildConfigurationList = D9A1710E1DCEFE440010B4AF /* Build configuration list for PBXProject "TumblrDemo" */;
			compatibilityVersion = "Xcode 3.2";
			developmentRegion = English;
			hasScannedForEncodings = 0;
			knownRegions = (
				en,
				Base,
			);
			mainGroup = D9A1710A1DCEFE440010B4AF;
			productRefGroup = D9A171141DCEFE440010B4AF /* Products */;
			projectDirPath = "";
			projectRoot = "";
			targets = (
				D9A171121DCEFE440010B4AF /* TumblrDemo */,
			);
		};
/* End PBXProject section */

/* Begin PBXResourcesBuildPhase section */
		D9A171111DCEFE440010B4AF /* Resources */ = {
			isa = PBXResourcesBuildPhase;
			buildActionMask = 2147483647;
			files = (
				D9A171211DCEFE440010B4AF /* LaunchScreen.storyboard in Resources */,
				D9A1711E1DCEFE440010B4AF /* Assets.xcassets in Resources */,
				D9A1711C1DCEFE440010B4AF /* Main.storyboard in Resources */,
			);
			runOnlyForDeploymentPostprocessing = 0;
		};
/* End PBXResourcesBuildPhase section */

/* Begin PBXSourcesBuildPhase section */
		D9A1710F1DCEFE440010B4AF /* Sources */ = {
			isa = PBXSourcesBuildPhase;
			buildActionMask = 2147483647;
			files = (
				D9A171191DCEFE440010B4AF /* ViewController.swift in Sources */,
				D9A171341DCF28460010B4AF /* trendingViewController.swift in Sources */,
				D9A1712D1DCF24D30010B4AF /* searchViewController.swift in Sources */,
				D9A171321DCF27DB0010B4AF /* accountViewController.swift in Sources */,
				D9A171371DCFFDC30010B4AF /* BaseTransition.swift in Sources */,
				D9A171291DCF07670010B4AF /* TabBarViewController.swift in Sources */,
				D9A171381DCFFDC30010B4AF /* FadeTransition.swift in Sources */,
				D9A171301DCF276A0010B4AF /* composeViewController.swift in Sources */,
				D9A171171DCEFE440010B4AF /* AppDelegate.swift in Sources */,
				D9A1712B1DCF24770010B4AF /* HomeViewController.swift in Sources */,
			);
			runOnlyForDeploymentPostprocessing = 0;
		};
/* End PBXSourcesBuildPhase section */

/* Begin PBXVariantGroup section */
		D9A1711A1DCEFE440010B4AF /* Main.storyboard */ = {
			isa = PBXVariantGroup;
			children = (
				D9A1711B1DCEFE440010B4AF /* Base */,
			);
			name = Main.storyboard;
			sourceTree = "<group>";
		};
		D9A1711F1DCEFE440010B4AF /* LaunchScreen.storyboard */ = {
			isa = PBXVariantGroup;
			children = (
				D9A171201DCEFE440010B4AF /* Base */,
			);
			name = LaunchScreen.storyboard;
			sourceTree = "<group>";
		};
/* End PBXVariantGroup section */

/* Begin XCBuildConfiguration section */
		D9A171231DCEFE440010B4AF /* Debug */ = {
			isa = XCBuildConfiguration;
			buildSettings = {
				ALWAYS_SEARCH_USER_PATHS = NO;
				CLANG_ANALYZER_NONNULL = YES;
				CLANG_CXX_LANGUAGE_STANDARD = "gnu++0x";
				CLANG_CXX_LIBRARY = "libc++";
				CLANG_ENABLE_MODULES = YES;
				CLANG_ENABLE_OBJC_ARC = YES;
				CLANG_WARN_BOOL_CONVERSION = YES;
				CLANG_WARN_CONSTANT_CONVERSION = YES;
				CLANG_WARN_DIRECT_OBJC_ISA_USAGE = YES_ERROR;
				CLANG_WARN_DOCUMENTATION_COMMENTS = YES;
				CLANG_WARN_EMPTY_BODY = YES;
				CLANG_WARN_ENUM_CONVERSION = YES;
				CLANG_WARN_INFINITE_RECURSION = YES;
				CLANG_WARN_INT_CONVERSION = YES;
				CLANG_WARN_OBJC_ROOT_CLASS = YES_ERROR;
				CLANG_WARN_SUSPICIOUS_MOVES = YES;
				CLANG_WARN_UNREACHABLE_CODE = YES;
				CLANG_WARN__DUPLICATE_METHOD_MATCH = YES;
				"CODE_SIGN_IDENTITY[sdk=iphoneos*]" = "iPhone Developer";
				COPY_PHASE_STRIP = NO;
				DEBUG_INFORMATION_FORMAT = dwarf;
				ENABLE_STRICT_OBJC_MSGSEND = YES;
				ENABLE_TESTABILITY = YES;
				GCC_C_LANGUAGE_STANDARD = gnu99;
				GCC_DYNAMIC_NO_PIC = NO;
				GCC_NO_COMMON_BLOCKS = YES;
				GCC_OPTIMIZATION_LEVEL = 0;
				GCC_PREPROCESSOR_DEFINITIONS = (
					"DEBUG=1",
					"$(inherited)",
				);
				GCC_WARN_64_TO_32_BIT_CONVERSION = YES;
				GCC_WARN_ABOUT_RETURN_TYPE = YES_ERROR;
				GCC_WARN_UNDECLARED_SELECTOR = YES;
				GCC_WARN_UNINITIALIZED_AUTOS = YES_AGGRESSIVE;
				GCC_WARN_UNUSED_FUNCTION = YES;
				GCC_WARN_UNUSED_VARIABLE = YES;
				IPHONEOS_DEPLOYMENT_TARGET = 10.0;
				MTL_ENABLE_DEBUG_INFO = YES;
				ONLY_ACTIVE_ARCH = YES;
				SDKROOT = iphoneos;
				SWIFT_ACTIVE_COMPILATION_CONDITIONS = DEBUG;
				SWIFT_OPTIMIZATION_LEVEL = "-Onone";
				TARGETED_DEVICE_FAMILY = "1,2";
			};
			name = Debug;
		};
		D9A171241DCEFE440010B4AF /* Release */ = {
			isa = XCBuildConfiguration;
			buildSettings = {
				ALWAYS_SEARCH_USER_PATHS = NO;
				CLANG_ANALYZER_NONNULL = YES;
				CLANG_CXX_LANGUAGE_STANDARD = "gnu++0x";
				CLANG_CXX_LIBRARY = "libc++";
				CLANG_ENABLE_MODULES = YES;
				CLANG_ENABLE_OBJC_ARC = YES;
				CLANG_WARN_BOOL_CONVERSION = YES;
				CLANG_WARN_CONSTANT_CONVERSION = YES;
				CLANG_WARN_DIRECT_OBJC_ISA_USAGE = YES_ERROR;
				CLANG_WARN_DOCUMENTATION_COMMENTS = YES;
				CLANG_WARN_EMPTY_BODY = YES;
				CLANG_WARN_ENUM_CONVERSION = YES;
				CLANG_WARN_INFINITE_RECURSION = YES;
				CLANG_WARN_INT_CONVERSION = YES;
				CLANG_WARN_OBJC_ROOT_CLASS = YES_ERROR;
				CLANG_WARN_SUSPICIOUS_MOVES = YES;
				CLANG_WARN_UNREACHABLE_CODE = YES;
				CLANG_WARN__DUPLICATE_METHOD_MATCH = YES;
				"CODE_SIGN_IDENTITY[sdk=iphoneos*]" = "iPhone Developer";
				COPY_PHASE_STRIP = NO;
				DEBUG_INFORMATION_FORMAT = "dwarf-with-dsym";
				ENABLE_NS_ASSERTIONS = NO;
				ENABLE_STRICT_OBJC_MSGSEND = YES;
				GCC_C_LANGUAGE_STANDARD = gnu99;
				GCC_NO_COMMON_BLOCKS = YES;
				GCC_WARN_64_TO_32_BIT_CONVERSION = YES;
				GCC_WARN_ABOUT_RETURN_TYPE = YES_ERROR;
				GCC_WARN_UNDECLARED_SELECTOR = YES;
				GCC_WARN_UNINITIALIZED_AUTOS = YES_AGGRESSIVE;
				GCC_WARN_UNUSED_FUNCTION = YES;
				GCC_WARN_UNUSED_VARIABLE = YES;
				IPHONEOS_DEPLOYMENT_TARGET = 10.0;
				MTL_ENABLE_DEBUG_INFO = NO;
				SDKROOT = iphoneos;
				SWIFT_OPTIMIZATION_LEVEL = "-Owholemodule";
				TARGETED_DEVICE_FAMILY = "1,2";
				VALIDATE_PRODUCT = YES;
			};
			name = Release;
		};
		D9A171261DCEFE440010B4AF /* Debug */ = {
			isa = XCBuildConfiguration;
			buildSettings = {
				ASSETCATALOG_COMPILER_APPICON_NAME = AppIcon;
				INFOPLIST_FILE = TumblrDemo/Info.plist;
				LD_RUNPATH_SEARCH_PATHS = "$(inherited) @executable_path/Frameworks";
				PRODUCT_BUNDLE_IDENTIFIER = Codepath.TumblrDemo;
				PRODUCT_NAME = "$(TARGET_NAME)";
				SWIFT_VERSION = 3.0;
			};
			name = Debug;
		};
		D9A171271DCEFE440010B4AF /* Release */ = {
			isa = XCBuildConfiguration;
			buildSettings = {
				ASSETCATALOG_COMPILER_APPICON_NAME = AppIcon;
				INFOPLIST_FILE = TumblrDemo/Info.plist;
				LD_RUNPATH_SEARCH_PATHS = "$(inherited) @executable_path/Frameworks";
				PRODUCT_BUNDLE_IDENTIFIER = Codepath.TumblrDemo;
				PRODUCT_NAME = "$(TARGET_NAME)";
				SWIFT_VERSION = 3.0;
			};
			name = Release;
		};
/* End XCBuildConfiguration section */

/* Begin XCConfigurationList section */
		D9A1710E1DCEFE440010B4AF /* Build configuration list for PBXProject "TumblrDemo" */ = {
			isa = XCConfigurationList;
			buildConfigurations = (
				D9A171231DCEFE440010B4AF /* Debug */,
				D9A171241DCEFE440010B4AF /* Release */,
			);
			defaultConfigurationIsVisible = 0;
			defaultConfigurationName = Release;
		};
		D9A171251DCEFE440010B4AF /* Build configuration list for PBXNativeTarget "TumblrDemo" */ = {
			isa = XCConfigurationList;
			buildConfigurations = (
				D9A171261DCEFE440010B4AF /* Debug */,
				D9A171271DCEFE440010B4AF /* Release */,
			);
			defaultConfigurationIsVisible = 0;
			defaultConfigurationName = Release;
		};
/* End XCConfigurationList section */
	};
	rootObject = D9A1710B1DCEFE440010B4AF /* Project object */;
}
